
Microsoft Visual Studio Solution File, Format Version 12.00
# Visual Studio 15
VisualStudioVersion = 15.0.28307.271
MinimumVisualStudioVersion = 10.0.40219.1
Project("{FAE04EC0-301F-11D3-BF4B-00C04F79EFBC}") = "TextSix.Android", "TextSix\TextSix.Android\TextSix.Android.csproj", "{0220D00E-96C3-44A0-94DC-C3912AC26C6F}"
EndProject
Project("{FAE04EC0-301F-11D3-BF4B-00C04F79EFBC}") = "TextSix", "TextSix\TextSix\TextSix.csproj", "{F9AEA362-2C5D-40A0-BA8E-28D41ACF1237}"
EndProject
Global
	GlobalSection(SolutionConfigurationPlatforms) = preSolution
		Debug|Any CPU = Debug|Any CPU
		Release|Any CPU = Release|Any CPU
	EndGlobalSection
	GlobalSection(ProjectConfigurationPlatforms) = postSolution
		{0220D00E-96C3-44A0-94DC-C3912AC26C6F}.Debug|Any CPU.ActiveCfg = Debug|Any CPU
		{0220D00E-96C3-44A0-94DC-C3912AC26C6F}.Debug|Any CPU.Build.0 = Debug|Any CPU
		{0220D00E-96C3-44A0-94DC-C3912AC26C6F}.Debug|Any CPU.Deploy.0 = Debug|Any CPU
		{0220D00E-96C3-44A0-94DC-C3912AC26C6F}.Release|Any CPU.ActiveCfg = Release|Any CPU
		{0220D00E-96C3-44A0-94DC-C3912AC26C6F}.Release|Any CPU.Build.0 = Release|Any CPU
		{0220D00E-96C3-44A0-94DC-C3912AC26C6F}.Release|Any CPU.Deploy.0 = Release|Any CPU
		{F9AEA362-2C5D-40A0-BA8E-28D41ACF1237}.Debug|Any CPU.ActiveCfg = Debug|Any CPU
		{F9AEA362-2C5D-40A0-BA8E-28D41ACF1237}.Debug|Any CPU.Build.0 = Debug|Any CPU
		{F9AEA362-2C5D-40A0-BA8E-28D41ACF1237}.Debug|Any CPU.Deploy.0 = Debug|Any CPU
		{F9AEA362-2C5D-40A0-BA8E-28D41ACF1237}.Release|Any CPU.ActiveCfg = Release|Any CPU
		{F9AEA362-2C5D-40A0-BA8E-28D41ACF1237}.Release|Any CPU.Build.0 = Release|Any CPU
		{F9AEA362-2C5D-40A0-BA8E-28D41ACF1237}.Release|Any CPU.Deploy.0 = Release|Any CPU
	EndGlobalSection
	GlobalSection(SolutionProperties) = preSolution
		HideSolutionNode = FALSE
	EndGlobalSection
	GlobalSection(ExtensibilityGlobals) = postSolution
		SolutionGuid = {AB4CF396-D43F-445E-8CED-7F3FE5C90B97}
	EndGlobalSection
EndGlobal
